
Microsoft Visual Studio Solution File, Format Version 12.00
# Visual Studio Version 17
VisualStudioVersion = 17.8.34322.80
MinimumVisualStudioVersion = 10.0.40219.1
Project("{FAE04EC0-301F-11D3-BF4B-00C04F79EFBC}") = "test-project", "test-project\test-project.csproj", "{29749857-F302-4C70-A9D0-566A12F5AE40}"
EndProject
Global
	GlobalSection(SolutionConfigurationPlatforms) = preSolution
		Debug|Any CPU = Debug|Any CPU
		Release|Any CPU = Release|Any CPU
	EndGlobalSection
	GlobalSection(ProjectConfigurationPlatforms) = postSolution
		{29749857-F302-4C70-A9D0-566A12F5AE40}.Debug|Any CPU.ActiveCfg = Debug|Any CPU
		{29749857-F302-4C70-A9D0-566A12F5AE40}.Debug|Any CPU.Build.0 = Debug|Any CPU
		{29749857-F302-4C70-A9D0-566A12F5AE40}.Release|Any CPU.ActiveCfg = Release|Any CPU
		{29749857-F302-4C70-A9D0-566A12F5AE40}.Release|Any CPU.Build.0 = Release|Any CPU
	EndGlobalSection
	GlobalSection(SolutionProperties) = preSolution
		HideSolutionNode = FALSE
	EndGlobalSection
	GlobalSection(ExtensibilityGlobals) = postSolution
		SolutionGuid = {4FBBFEEF-3697-41C4-B751-49CCFD5D3063}
	EndGlobalSection
EndGlobal
